// !$*UTF8*$!
{
	archiveVersion = 1;
	classes = {
	};
	objectVersion = 51;
	objects = {

/* Begin PBXBuildFile section */
		1C0044702615B66600568290 /* UIColor+Extension.swift in Sources */ = {isa = PBXBuildFile; fileRef = 1C00446F2615B66600568290 /* UIColor+Extension.swift */; };
		1C3E41622611D6A7004DFD96 /* AppDelegate.swift in Sources */ = {isa = PBXBuildFile; fileRef = 1C3E41612611D6A7004DFD96 /* AppDelegate.swift */; };
		1C3E41642611D6A7004DFD96 /* SceneDelegate.swift in Sources */ = {isa = PBXBuildFile; fileRef = 1C3E41632611D6A7004DFD96 /* SceneDelegate.swift */; };
		1C3E41662611D6A7004DFD96 /* ViewController.swift in Sources */ = {isa = PBXBuildFile; fileRef = 1C3E41652611D6A7004DFD96 /* ViewController.swift */; };
		1C3E41692611D6A7004DFD96 /* Main.storyboard in Resources */ = {isa = PBXBuildFile; fileRef = 1C3E41672611D6A7004DFD96 /* Main.storyboard */; };
		1C3E416B2611D6AD004DFD96 /* Assets.xcassets in Resources */ = {isa = PBXBuildFile; fileRef = 1C3E416A2611D6AD004DFD96 /* Assets.xcassets */; };
		1C3E416E2611D6AD004DFD96 /* LaunchScreen.storyboard in Resources */ = {isa = PBXBuildFile; fileRef = 1C3E416C2611D6AD004DFD96 /* LaunchScreen.storyboard */; };
		1C3E41792612D5FA004DFD96 /* BaseCustomView.swift in Sources */ = {isa = PBXBuildFile; fileRef = 1C3E41782612D5FA004DFD96 /* BaseCustomView.swift */; };
		1C3E41802612D877004DFD96 /* HorizontalChooseView.swift in Sources */ = {isa = PBXBuildFile; fileRef = 1C3E417F2612D877004DFD96 /* HorizontalChooseView.swift */; };
		1C3E41832612D886004DFD96 /* HorizontalChooseView.xib in Resources */ = {isa = PBXBuildFile; fileRef = 1C3E41822612D886004DFD96 /* HorizontalChooseView.xib */; };
		1C3E4241261359A8004DFD96 /* UIImage+Extension.swift in Sources */ = {isa = PBXBuildFile; fileRef = 1C3E4240261359A8004DFD96 /* UIImage+Extension.swift */; };
		1C3E424426135A7E004DFD96 /* DebugLogUtils.swift in Sources */ = {isa = PBXBuildFile; fileRef = 1C3E424326135A7E004DFD96 /* DebugLogUtils.swift */; };
		1C3E424726135A9C004DFD96 /* UIView+Extension.swift in Sources */ = {isa = PBXBuildFile; fileRef = 1C3E424626135A9C004DFD96 /* UIView+Extension.swift */; };
		1C3E424A26135B03004DFD96 /* Date+Extension.swift in Sources */ = {isa = PBXBuildFile; fileRef = 1C3E424926135B03004DFD96 /* Date+Extension.swift */; };
		1C3E424D26135B40004DFD96 /* Array+Extension.swift in Sources */ = {isa = PBXBuildFile; fileRef = 1C3E424C26135B40004DFD96 /* Array+Extension.swift */; };
		1C3E425026145821004DFD96 /* UIScreen+Extension.swift in Sources */ = {isa = PBXBuildFile; fileRef = 1C3E424F26145821004DFD96 /* UIScreen+Extension.swift */; };
		1C3E425626146A2A004DFD96 /* UIDevice+Extension.swift in Sources */ = {isa = PBXBuildFile; fileRef = 1C3E425526146A29004DFD96 /* UIDevice+Extension.swift */; };
		1C3E425926146F77004DFD96 /* AppBasicUtils.swift in Sources */ = {isa = PBXBuildFile; fileRef = 1C3E425826146F77004DFD96 /* AppBasicUtils.swift */; };
		E8747C0635FA95AD930DA2A8 /* Pods_CommonUiUtils.framework in Frameworks */ = {isa = PBXBuildFile; fileRef = 409AB6A7F6B7EAACA220A061 /* Pods_CommonUiUtils.framework */; };
/* End PBXBuildFile section */

/* Begin PBXFileReference section */
		1C00446F2615B66600568290 /* UIColor+Extension.swift */ = {isa = PBXFileReference; lastKnownFileType = sourcecode.swift; path = "UIColor+Extension.swift"; sourceTree = "<group>"; };
		1C3E415E2611D6A7004DFD96 /* CommonUiUtils.app */ = {isa = PBXFileReference; explicitFileType = wrapper.application; includeInIndex = 0; path = CommonUiUtils.app; sourceTree = BUILT_PRODUCTS_DIR; };
		1C3E41612611D6A7004DFD96 /* AppDelegate.swift */ = {isa = PBXFileReference; lastKnownFileType = sourcecode.swift; path = AppDelegate.swift; sourceTree = "<group>"; };
		1C3E41632611D6A7004DFD96 /* SceneDelegate.swift */ = {isa = PBXFileReference; lastKnownFileType = sourcecode.swift; path = SceneDelegate.swift; sourceTree = "<group>"; };
		1C3E41652611D6A7004DFD96 /* ViewController.swift */ = {isa = PBXFileReference; lastKnownFileType = sourcecode.swift; path = ViewController.swift; sourceTree = "<group>"; };
		1C3E41682611D6A7004DFD96 /* Base */ = {isa = PBXFileReference; lastKnownFileType = file.storyboard; name = Base; path = Base.lproj/Main.storyboard; sourceTree = "<group>"; };
		1C3E416A2611D6AD004DFD96 /* Assets.xcassets */ = {isa = PBXFileReference; lastKnownFileType = folder.assetcatalog; path = Assets.xcassets; sourceTree = "<group>"; };
		1C3E416D2611D6AD004DFD96 /* Base */ = {isa = PBXFileReference; lastKnownFileType = file.storyboard; name = Base; path = Base.lproj/LaunchScreen.storyboard; sourceTree = "<group>"; };
		1C3E416F2611D6AD004DFD96 /* Info.plist */ = {isa = PBXFileReference; lastKnownFileType = text.plist.xml; path = Info.plist; sourceTree = "<group>"; };
		1C3E41782612D5FA004DFD96 /* BaseCustomView.swift */ = {isa = PBXFileReference; lastKnownFileType = sourcecode.swift; path = BaseCustomView.swift; sourceTree = "<group>"; };
		1C3E417F2612D877004DFD96 /* HorizontalChooseView.swift */ = {isa = PBXFileReference; lastKnownFileType = sourcecode.swift; path = HorizontalChooseView.swift; sourceTree = "<group>"; };
		1C3E41822612D886004DFD96 /* HorizontalChooseView.xib */ = {isa = PBXFileReference; lastKnownFileType = file.xib; path = HorizontalChooseView.xib; sourceTree = "<group>"; };
		1C3E4240261359A8004DFD96 /* UIImage+Extension.swift */ = {isa = PBXFileReference; lastKnownFileType = sourcecode.swift; path = "UIImage+Extension.swift"; sourceTree = "<group>"; };
		1C3E424326135A7E004DFD96 /* DebugLogUtils.swift */ = {isa = PBXFileReference; lastKnownFileType = sourcecode.swift; path = DebugLogUtils.swift; sourceTree = "<group>"; };
		1C3E424626135A9C004DFD96 /* UIView+Extension.swift */ = {isa = PBXFileReference; lastKnownFileType = sourcecode.swift; path = "UIView+Extension.swift"; sourceTree = "<group>"; };
		1C3E424926135B03004DFD96 /* Date+Extension.swift */ = {isa = PBXFileReference; lastKnownFileType = sourcecode.swift; path = "Date+Extension.swift"; sourceTree = "<group>"; };
		1C3E424C26135B40004DFD96 /* Array+Extension.swift */ = {isa = PBXFileReference; lastKnownFileType = sourcecode.swift; path = "Array+Extension.swift"; sourceTree = "<group>"; };
		1C3E424F26145821004DFD96 /* UIScreen+Extension.swift */ = {isa = PBXFileReference; lastKnownFileType = sourcecode.swift; path = "UIScreen+Extension.swift"; sourceTree = "<group>"; };
		1C3E425526146A29004DFD96 /* UIDevice+Extension.swift */ = {isa = PBXFileReference; lastKnownFileType = sourcecode.swift; path = "UIDevice+Extension.swift"; sourceTree = "<group>"; };
		1C3E425826146F77004DFD96 /* AppBasicUtils.swift */ = {isa = PBXFileReference; lastKnownFileType = sourcecode.swift; path = AppBasicUtils.swift; sourceTree = "<group>"; };
		409AB6A7F6B7EAACA220A061 /* Pods_CommonUiUtils.framework */ = {isa = PBXFileReference; explicitFileType = wrapper.framework; includeInIndex = 0; path = Pods_CommonUiUtils.framework; sourceTree = BUILT_PRODUCTS_DIR; };
		839C189C6D959C70197901D1 /* Pods-CommonUiUtils.debug.xcconfig */ = {isa = PBXFileReference; includeInIndex = 1; lastKnownFileType = text.xcconfig; name = "Pods-CommonUiUtils.debug.xcconfig"; path = "Target Support Files/Pods-CommonUiUtils/Pods-CommonUiUtils.debug.xcconfig"; sourceTree = "<group>"; };
		93555A44ACB0D3843F313BEE /* Pods-CommonUiUtils.release.xcconfig */ = {isa = PBXFileReference; includeInIndex = 1; lastKnownFileType = text.xcconfig; name = "Pods-CommonUiUtils.release.xcconfig"; path = "Target Support Files/Pods-CommonUiUtils/Pods-CommonUiUtils.release.xcconfig"; sourceTree = "<group>"; };
/* End PBXFileReference section */

/* Begin PBXFrameworksBuildPhase section */
		1C3E415B2611D6A7004DFD96 /* Frameworks */ = {
			isa = PBXFrameworksBuildPhase;
			buildActionMask = 2147483647;
			files = (
				E8747C0635FA95AD930DA2A8 /* Pods_CommonUiUtils.framework in Frameworks */,
			);
			runOnlyForDeploymentPostprocessing = 0;
		};
/* End PBXFrameworksBuildPhase section */

/* Begin PBXGroup section */
		1C3E41552611D6A7004DFD96 = {
			isa = PBXGroup;
			children = (
				1C3E41602611D6A7004DFD96 /* CommonUiUtils */,
				1C3E415F2611D6A7004DFD96 /* Products */,
				CB8291B88CEFF47E527BF242 /* Pods */,
				2503C6B580142080E6F8277F /* Frameworks */,
			);
			sourceTree = "<group>";
		};
		1C3E415F2611D6A7004DFD96 /* Products */ = {
			isa = PBXGroup;
			children = (
				1C3E415E2611D6A7004DFD96 /* CommonUiUtils.app */,
			);
			name = Products;
			sourceTree = "<group>";
		};
		1C3E41602611D6A7004DFD96 /* CommonUiUtils */ = {
			isa = PBXGroup;
			children = (
				1C3E423C261358A2004DFD96 /* Classes */,
				1C3E41612611D6A7004DFD96 /* AppDelegate.swift */,
				1C3E41632611D6A7004DFD96 /* SceneDelegate.swift */,
				1C3E41652611D6A7004DFD96 /* ViewController.swift */,
				1C3E41672611D6A7004DFD96 /* Main.storyboard */,
				1C3E416A2611D6AD004DFD96 /* Assets.xcassets */,
				1C3E416C2611D6AD004DFD96 /* LaunchScreen.storyboard */,
				1C3E416F2611D6AD004DFD96 /* Info.plist */,
			);
			path = CommonUiUtils;
			sourceTree = "<group>";
		};
		1C3E417626120A37004DFD96 /* Controls */ = {
			isa = PBXGroup;
			children = (
				1C3E41782612D5FA004DFD96 /* BaseCustomView.swift */,
				1C3E417F2612D877004DFD96 /* HorizontalChooseView.swift */,
				1C3E41822612D886004DFD96 /* HorizontalChooseView.xib */,
			);
			path = Controls;
			sourceTree = "<group>";
		};
		1C3E423C261358A2004DFD96 /* Classes */ = {
			isa = PBXGroup;
			children = (
				1C3E423F26135979004DFD96 /* Extensions */,
				1C3E423E2613596C004DFD96 /* Utils */,
				1C3E417626120A37004DFD96 /* Controls */,
			);
			path = Classes;
			sourceTree = "<group>";
		};
		1C3E423E2613596C004DFD96 /* Utils */ = {
			isa = PBXGroup;
			children = (
				1C3E424326135A7E004DFD96 /* DebugLogUtils.swift */,
				1C3E425826146F77004DFD96 /* AppBasicUtils.swift */,
			);
			path = Utils;
			sourceTree = "<group>";
		};
		1C3E423F26135979004DFD96 /* Extensions */ = {
			isa = PBXGroup;
			children = (
				1C3E424C26135B40004DFD96 /* Array+Extension.swift */,
				1C3E424926135B03004DFD96 /* Date+Extension.swift */,
				1C00446F2615B66600568290 /* UIColor+Extension.swift */,
				1C3E425526146A29004DFD96 /* UIDevice+Extension.swift */,
				1C3E4240261359A8004DFD96 /* UIImage+Extension.swift */,
				1C3E424F26145821004DFD96 /* UIScreen+Extension.swift */,
				1C3E424626135A9C004DFD96 /* UIView+Extension.swift */,
			);
			path = Extensions;
			sourceTree = "<group>";
		};
		2503C6B580142080E6F8277F /* Frameworks */ = {
			isa = PBXGroup;
			children = (
				409AB6A7F6B7EAACA220A061 /* Pods_CommonUiUtils.framework */,
			);
			name = Frameworks;
			sourceTree = "<group>";
		};
		CB8291B88CEFF47E527BF242 /* Pods */ = {
			isa = PBXGroup;
			children = (
				839C189C6D959C70197901D1 /* Pods-CommonUiUtils.debug.xcconfig */,
				93555A44ACB0D3843F313BEE /* Pods-CommonUiUtils.release.xcconfig */,
			);
			path = Pods;
			sourceTree = "<group>";
		};
/* End PBXGroup section */

/* Begin PBXNativeTarget section */
		1C3E415D2611D6A7004DFD96 /* CommonUiUtils */ = {
			isa = PBXNativeTarget;
			buildConfigurationList = 1C3E41722611D6AD004DFD96 /* Build configuration list for PBXNativeTarget "CommonUiUtils" */;
			buildPhases = (
				0CF9F35BA06DD61A5303F49B /* [CP] Check Pods Manifest.lock */,
				1C3E415A2611D6A7004DFD96 /* Sources */,
				1C3E415B2611D6A7004DFD96 /* Frameworks */,
				1C3E415C2611D6A7004DFD96 /* Resources */,
				B08CB8E9BE8E01424B0EC3E9 /* [CP] Embed Pods Frameworks */,
			);
			buildRules = (
			);
			dependencies = (
			);
			name = CommonUiUtils;
			productName = CommonUiUtils;
			productReference = 1C3E415E2611D6A7004DFD96 /* CommonUiUtils.app */;
			productType = "com.apple.product-type.application";
		};
/* End PBXNativeTarget section */

/* Begin PBXProject section */
		1C3E41562611D6A7004DFD96 /* Project object */ = {
			isa = PBXProject;
			attributes = {
				LastSwiftUpdateCheck = 1240;
				LastUpgradeCheck = 1240;
				TargetAttributes = {
					1C3E415D2611D6A7004DFD96 = {
						CreatedOnToolsVersion = 12.4;
					};
				};
			};
			buildConfigurationList = 1C3E41592611D6A7004DFD96 /* Build configuration list for PBXProject "CommonUiUtils" */;
			compatibilityVersion = "Xcode 9.3";
			developmentRegion = en;
			hasScannedForEncodings = 0;
			knownRegions = (
				en,
				Base,
			);
			mainGroup = 1C3E41552611D6A7004DFD96;
			productRefGroup = 1C3E415F2611D6A7004DFD96 /* Products */;
			projectDirPath = "";
			projectRoot = "";
			targets = (
				1C3E415D2611D6A7004DFD96 /* CommonUiUtils */,
			);
		};
/* End PBXProject section */

/* Begin PBXResourcesBuildPhase section */
		1C3E415C2611D6A7004DFD96 /* Resources */ = {
			isa = PBXResourcesBuildPhase;
			buildActionMask = 2147483647;
			files = (
				1C3E416E2611D6AD004DFD96 /* LaunchScreen.storyboard in Resources */,
				1C3E416B2611D6AD004DFD96 /* Assets.xcassets in Resources */,
				1C3E41692611D6A7004DFD96 /* Main.storyboard in Resources */,
				1C3E41832612D886004DFD96 /* HorizontalChooseView.xib in Resources */,
			);
			runOnlyForDeploymentPostprocessing = 0;
		};
/* End PBXResourcesBuildPhase section */

/* Begin PBXShellScriptBuildPhase section */
		0CF9F35BA06DD61A5303F49B /* [CP] Check Pods Manifest.lock */ = {
			isa = PBXShellScriptBuildPhase;
			buildActionMask = 2147483647;
			files = (
			);
			inputFileListPaths = (
			);
			inputPaths = (
				"${PODS_PODFILE_DIR_PATH}/Podfile.lock",
				"${PODS_ROOT}/Manifest.lock",
			);
			name = "[CP] Check Pods Manifest.lock";
			outputFileListPaths = (
			);
			outputPaths = (
				"$(DERIVED_FILE_DIR)/Pods-CommonUiUtils-checkManifestLockResult.txt",
			);
			runOnlyForDeploymentPostprocessing = 0;
			shellPath = /bin/sh;
			shellScript = "diff \"${PODS_PODFILE_DIR_PATH}/Podfile.lock\" \"${PODS_ROOT}/Manifest.lock\" > /dev/null\nif [ $? != 0 ] ; then\n    # print error to STDERR\n    echo \"error: The sandbox is not in sync with the Podfile.lock. Run 'pod install' or update your CocoaPods installation.\" >&2\n    exit 1\nfi\n# This output is used by Xcode 'outputs' to avoid re-running this script phase.\necho \"SUCCESS\" > \"${SCRIPT_OUTPUT_FILE_0}\"\n";
			showEnvVarsInLog = 0;
		};
		B08CB8E9BE8E01424B0EC3E9 /* [CP] Embed Pods Frameworks */ = {
			isa = PBXShellScriptBuildPhase;
			buildActionMask = 2147483647;
			files = (
			);
			inputFileListPaths = (
				"${PODS_ROOT}/Target Support Files/Pods-CommonUiUtils/Pods-CommonUiUtils-frameworks-${CONFIGURATION}-input-files.xcfilelist",
			);
			name = "[CP] Embed Pods Frameworks";
			outputFileListPaths = (
				"${PODS_ROOT}/Target Support Files/Pods-CommonUiUtils/Pods-CommonUiUtils-frameworks-${CONFIGURATION}-output-files.xcfilelist",
			);
			runOnlyForDeploymentPostprocessing = 0;
			shellPath = /bin/sh;
			shellScript = "\"${PODS_ROOT}/Target Support Files/Pods-CommonUiUtils/Pods-CommonUiUtils-frameworks.sh\"\n";
			showEnvVarsInLog = 0;
		};
/* End PBXShellScriptBuildPhase section */

/* Begin PBXSourcesBuildPhase section */
		1C3E415A2611D6A7004DFD96 /* Sources */ = {
			isa = PBXSourcesBuildPhase;
			buildActionMask = 2147483647;
			files = (
				1C3E41792612D5FA004DFD96 /* BaseCustomView.swift in Sources */,
				1C3E424D26135B40004DFD96 /* Array+Extension.swift in Sources */,
				1C3E41662611D6A7004DFD96 /* ViewController.swift in Sources */,
				1C3E424726135A9C004DFD96 /* UIView+Extension.swift in Sources */,
				1C3E424A26135B03004DFD96 /* Date+Extension.swift in Sources */,
				1C3E41802612D877004DFD96 /* HorizontalChooseView.swift in Sources */,
				1C3E4241261359A8004DFD96 /* UIImage+Extension.swift in Sources */,
				1C0044702615B66600568290 /* UIColor+Extension.swift in Sources */,
				1C3E41622611D6A7004DFD96 /* AppDelegate.swift in Sources */,
				1C3E425026145821004DFD96 /* UIScreen+Extension.swift in Sources */,
				1C3E425926146F77004DFD96 /* AppBasicUtils.swift in Sources */,
				1C3E424426135A7E004DFD96 /* DebugLogUtils.swift in Sources */,
				1C3E41642611D6A7004DFD96 /* SceneDelegate.swift in Sources */,
				1C3E425626146A2A004DFD96 /* UIDevice+Extension.swift in Sources */,
			);
			runOnlyForDeploymentPostprocessing = 0;
		};
/* End PBXSourcesBuildPhase section */

/* Begin PBXVariantGroup section */
		1C3E41672611D6A7004DFD96 /* Main.storyboard */ = {
			isa = PBXVariantGroup;
			children = (
				1C3E41682611D6A7004DFD96 /* Base */,
			);
			name = Main.storyboard;
			sourceTree = "<group>";
		};
		1C3E416C2611D6AD004DFD96 /* LaunchScreen.storyboard */ = {
			isa = PBXVariantGroup;
			children = (
				1C3E416D2611D6AD004DFD96 /* Base */,
			);
			name = LaunchScreen.storyboard;
			sourceTree = "<group>";
		};
/* End PBXVariantGroup section */

/* Begin XCBuildConfiguration section */
		1C3E41702611D6AD004DFD96 /* Debug */ = {
			isa = XCBuildConfiguration;
			buildSettings = {
				ALWAYS_SEARCH_USER_PATHS = NO;
				CLANG_ANALYZER_NONNULL = YES;
				CLANG_ANALYZER_NUMBER_OBJECT_CONVERSION = YES_AGGRESSIVE;
				CLANG_CXX_LANGUAGE_STANDARD = "gnu++14";
				CLANG_CXX_LIBRARY = "libc++";
				CLANG_ENABLE_MODULES = YES;
				CLANG_ENABLE_OBJC_ARC = YES;
				CLANG_ENABLE_OBJC_WEAK = YES;
				CLANG_WARN_BLOCK_CAPTURE_AUTORELEASING = YES;
				CLANG_WARN_BOOL_CONVERSION = YES;
				CLANG_WARN_COMMA = YES;
				CLANG_WARN_CONSTANT_CONVERSION = YES;
				CLANG_WARN_DEPRECATED_OBJC_IMPLEMENTATIONS = YES;
				CLANG_WARN_DIRECT_OBJC_ISA_USAGE = YES_ERROR;
				CLANG_WARN_DOCUMENTATION_COMMENTS = YES;
				CLANG_WARN_EMPTY_BODY = YES;
				CLANG_WARN_ENUM_CONVERSION = YES;
				CLANG_WARN_INFINITE_RECURSION = YES;
				CLANG_WARN_INT_CONVERSION = YES;
				CLANG_WARN_NON_LITERAL_NULL_CONVERSION = YES;
				CLANG_WARN_OBJC_IMPLICIT_RETAIN_SELF = YES;
				CLANG_WARN_OBJC_LITERAL_CONVERSION = YES;
				CLANG_WARN_OBJC_ROOT_CLASS = YES_ERROR;
				CLANG_WARN_QUOTED_INCLUDE_IN_FRAMEWORK_HEADER = YES;
				CLANG_WARN_RANGE_LOOP_ANALYSIS = YES;
				CLANG_WARN_STRICT_PROTOTYPES = YES;
				CLANG_WARN_SUSPICIOUS_MOVE = YES;
				CLANG_WARN_UNGUARDED_AVAILABILITY = YES_AGGRESSIVE;
				CLANG_WARN_UNREACHABLE_CODE = YES;
				CLANG_WARN__DUPLICATE_METHOD_MATCH = YES;
				COPY_PHASE_STRIP = NO;
				DEBUG_INFORMATION_FORMAT = dwarf;
				ENABLE_STRICT_OBJC_MSGSEND = YES;
				ENABLE_TESTABILITY = YES;
				GCC_C_LANGUAGE_STANDARD = gnu11;
				GCC_DYNAMIC_NO_PIC = NO;
				GCC_NO_COMMON_BLOCKS = YES;
				GCC_OPTIMIZATION_LEVEL = 0;
				GCC_PREPROCESSOR_DEFINITIONS = (
					"DEBUG=1",
					"$(inherited)",
				);
				GCC_WARN_64_TO_32_BIT_CONVERSION = YES;
				GCC_WARN_ABOUT_RETURN_TYPE = YES_ERROR;
				GCC_WARN_UNDECLARED_SELECTOR = YES;
				GCC_WARN_UNINITIALIZED_AUTOS = YES_AGGRESSIVE;
				GCC_WARN_UNUSED_FUNCTION = YES;
				GCC_WARN_UNUSED_VARIABLE = YES;
				IPHONEOS_DEPLOYMENT_TARGET = 14.4;
				MTL_ENABLE_DEBUG_INFO = INCLUDE_SOURCE;
				MTL_FAST_MATH = YES;
				ONLY_ACTIVE_ARCH = YES;
				SDKROOT = iphoneos;
				SWIFT_ACTIVE_COMPILATION_CONDITIONS = DEBUG;
				SWIFT_OPTIMIZATION_LEVEL = "-Onone";
			};
			name = Debug;
		};
		1C3E41712611D6AD004DFD96 /* Release */ = {
			isa = XCBuildConfiguration;
			buildSettings = {
				ALWAYS_SEARCH_USER_PATHS = NO;
				CLANG_ANALYZER_NONNULL = YES;
				CLANG_ANALYZER_NUMBER_OBJECT_CONVERSION = YES_AGGRESSIVE;
				CLANG_CXX_LANGUAGE_STANDARD = "gnu++14";
				CLANG_CXX_LIBRARY = "libc++";
				CLANG_ENABLE_MODULES = YES;
				CLANG_ENABLE_OBJC_ARC = YES;
				CLANG_ENABLE_OBJC_WEAK = YES;
				CLANG_WARN_BLOCK_CAPTURE_AUTORELEASING = YES;
				CLANG_WARN_BOOL_CONVERSION = YES;
				CLANG_WARN_COMMA = YES;
				CLANG_WARN_CONSTANT_CONVERSION = YES;
				CLANG_WARN_DEPRECATED_OBJC_IMPLEMENTATIONS = YES;
				CLANG_WARN_DIRECT_OBJC_ISA_USAGE = YES_ERROR;
				CLANG_WARN_DOCUMENTATION_COMMENTS = YES;
				CLANG_WARN_EMPTY_BODY = YES;
				CLANG_WARN_ENUM_CONVERSION = YES;
				CLANG_WARN_INFINITE_RECURSION = YES;
				CLANG_WARN_INT_CONVERSION = YES;
				CLANG_WARN_NON_LITERAL_NULL_CONVERSION = YES;
				CLANG_WARN_OBJC_IMPLICIT_RETAIN_SELF = YES;
				CLANG_WARN_OBJC_LITERAL_CONVERSION = YES;
				CLANG_WARN_OBJC_ROOT_CLASS = YES_ERROR;
				CLANG_WARN_QUOTED_INCLUDE_IN_FRAMEWORK_HEADER = YES;
				CLANG_WARN_RANGE_LOOP_ANALYSIS = YES;
				CLANG_WARN_STRICT_PROTOTYPES = YES;
				CLANG_WARN_SUSPICIOUS_MOVE = YES;
				CLANG_WARN_UNGUARDED_AVAILABILITY = YES_AGGRESSIVE;
				CLANG_WARN_UNREACHABLE_CODE = YES;
				CLANG_WARN__DUPLICATE_METHOD_MATCH = YES;
				COPY_PHASE_STRIP = NO;
				DEBUG_INFORMATION_FORMAT = "dwarf-with-dsym";
				ENABLE_NS_ASSERTIONS = NO;
				ENABLE_STRICT_OBJC_MSGSEND = YES;
				GCC_C_LANGUAGE_STANDARD = gnu11;
				GCC_NO_COMMON_BLOCKS = YES;
				GCC_WARN_64_TO_32_BIT_CONVERSION = YES;
				GCC_WARN_ABOUT_RETURN_TYPE = YES_ERROR;
				GCC_WARN_UNDECLARED_SELECTOR = YES;
				GCC_WARN_UNINITIALIZED_AUTOS = YES_AGGRESSIVE;
				GCC_WARN_UNUSED_FUNCTION = YES;
				GCC_WARN_UNUSED_VARIABLE = YES;
				IPHONEOS_DEPLOYMENT_TARGET = 14.4;
				MTL_ENABLE_DEBUG_INFO = NO;
				MTL_FAST_MATH = YES;
				SDKROOT = iphoneos;
				SWIFT_COMPILATION_MODE = wholemodule;
				SWIFT_OPTIMIZATION_LEVEL = "-O";
				VALIDATE_PRODUCT = YES;
			};
			name = Release;
		};
		1C3E41732611D6AD004DFD96 /* Debug */ = {
			isa = XCBuildConfiguration;
			baseConfigurationReference = 839C189C6D959C70197901D1 /* Pods-CommonUiUtils.debug.xcconfig */;
			buildSettings = {
				ASSETCATALOG_COMPILER_APPICON_NAME = AppIcon;
				ASSETCATALOG_COMPILER_GLOBAL_ACCENT_COLOR_NAME = AccentColor;
				CODE_SIGN_STYLE = Automatic;
				INFOPLIST_FILE = CommonUiUtils/Info.plist;
				IPHONEOS_DEPLOYMENT_TARGET = 13.0;
				LD_RUNPATH_SEARCH_PATHS = (
					"$(inherited)",
					"@executable_path/Frameworks",
				);
				PRODUCT_BUNDLE_IDENTIFIER = mobi.abc.CommonUiUtils;
				PRODUCT_NAME = "$(TARGET_NAME)";
				SWIFT_VERSION = 5.0;
				TARGETED_DEVICE_FAMILY = "1,2";
			};
			name = Debug;
		};
		1C3E41742611D6AD004DFD96 /* Release */ = {
			isa = XCBuildConfiguration;
			baseConfigurationReference = 93555A44ACB0D3843F313BEE /* Pods-CommonUiUtils.release.xcconfig */;
			buildSettings = {
				ASSETCATALOG_COMPILER_APPICON_NAME = AppIcon;
				ASSETCATALOG_COMPILER_GLOBAL_ACCENT_COLOR_NAME = AccentColor;
				CODE_SIGN_STYLE = Automatic;
				INFOPLIST_FILE = CommonUiUtils/Info.plist;
				IPHONEOS_DEPLOYMENT_TARGET = 13.0;
				LD_RUNPATH_SEARCH_PATHS = (
					"$(inherited)",
					"@executable_path/Frameworks",
				);
				PRODUCT_BUNDLE_IDENTIFIER = mobi.abc.CommonUiUtils;
				PRODUCT_NAME = "$(TARGET_NAME)";
				SWIFT_VERSION = 5.0;
				TARGETED_DEVICE_FAMILY = "1,2";
			};
			name = Release;
		};
/* End XCBuildConfiguration section */

/* Begin XCConfigurationList section */
		1C3E41592611D6A7004DFD96 /* Build configuration list for PBXProject "CommonUiUtils" */ = {
			isa = XCConfigurationList;
			buildConfigurations = (
				1C3E41702611D6AD004DFD96 /* Debug */,
				1C3E41712611D6AD004DFD96 /* Release */,
			);
			defaultConfigurationIsVisible = 0;
			defaultConfigurationName = Release;
		};
		1C3E41722611D6AD004DFD96 /* Build configuration list for PBXNativeTarget "CommonUiUtils" */ = {
			isa = XCConfigurationList;
			buildConfigurations = (
				1C3E41732611D6AD004DFD96 /* Debug */,
				1C3E41742611D6AD004DFD96 /* Release */,
			);
			defaultConfigurationIsVisible = 0;
			defaultConfigurationName = Release;
		};
/* End XCConfigurationList section */
	};
	rootObject = 1C3E41562611D6A7004DFD96 /* Project object */;
}
